PackratFormat: 1.4
PackratVersion: 0.5.0
RVersion: 4.0.4
Repos: CRAN=https://cran.rstudio.com/

Package: DT
Source: CRAN
Version: 0.17
Hash: 1087d0106ce6f1093428ca3882748d38
Requires: crosstalk, htmltools, htmlwidgets, jsonlite, magrittr,
    promises

Package: MASS
Source: CRAN
Version: 7.3-53
Hash: 34151e53eabf74b94c982a0d1f4a7f79

Package: Matrix
Source: CRAN
Version: 1.3-2
Hash: afdf15d578041a5ed0a722bc346b5269
Requires: lattice

Package: R.cache
Source: CRAN
Version: 0.14.0
Hash: 1b6f5759ebf1f1528b9c1c2814248783
Requires: R.methodsS3, R.oo, R.utils, digest

Package: R.methodsS3
Source: CRAN
Version: 1.8.1
Hash: 4a8dc907105058f2ec1b1d9c851023e9

Package: R.oo
Source: CRAN
Version: 1.24.0
Hash: dbf1b4fb25cf948c549ace5954f0819f
Requires: R.methodsS3

Package: R.utils
Source: CRAN
Version: 2.10.1
Hash: 3e30f85cd30ccfb644eab2b08c80111a
Requires: R.methodsS3, R.oo

Package: R6
Source: CRAN
Version: 2.5.0
Hash: 25ebbd2664a276c915984da5c820c404

Package: RColorBrewer
Source: CRAN
Version: 1.1-2
Hash: c0d56cd15034f395874c870141870c25

Package: RRPP
Source: github
Version: 1.0.0
Hash: 7b4d1779913e629977d78db9d3585932
Requires: Matrix, Rcpp, ape, ggplot2
GithubRepo: RRPP
GithubUsername: mlcollyer
GithubRef: develop
GithubSha1: d9c4c918aa8a42ebbcffc7f7e68557a796803c8c
RemoteHost: api.github.com
RemoteRepo: RRPP
RemoteUsername: mlcollyer
RemoteRef: develop
RemoteSha: d9c4c918aa8a42ebbcffc7f7e68557a796803c8c

Package: Rcpp
Source: CRAN
Version: 1.0.6
Hash: d891b607ea796cf30abfe4795380423f

Package: Rook
Source: CRAN
Version: 1.1-1
Hash: d53d9e345096f5c8b5c535dfe9175e2f
Requires: brew

Package: StereoMorph
Source: CRAN
Version: 1.6.4
Hash: c6472791a33847a9ef0b19bd11ff2cca
Requires: MASS, Rcpp, bezier, jpeg, png, rjson, shiny, svgViewR, tiff

Package: ape
Source: CRAN
Version: 5.5
Hash: 2d03630faaad82fb27149cdfcc2c9f2c
Requires: Rcpp, lattice, nlme

Package: askpass
Source: CRAN
Version: 1.1
Hash: 6f6c430e3cd0dd7d48f447700f4d7e7f
Requires: sys

Package: assertthat
Source: CRAN
Version: 0.2.1
Hash: 622be49032fe50bd42e96aaef613e209

Package: backports
Source: CRAN
Version: 1.2.1
Hash: 15f60618051e1168df663ca73497906b

Package: base64enc
Source: CRAN
Version: 0.1-3
Hash: c590d29e555926af053055e23ee79efb

Package: bezier
Source: CRAN
Version: 1.1.2
Hash: efc93c969bac7ab315d701b978ceb1f6

Package: brew
Source: CRAN
Version: 1.0-6
Hash: 931f9972deae0f205e1c78a51f33149b

Package: bslib
Source: CRAN
Version: 0.2.4
Hash: 2dcc37222856e66b36db2c1ad11b9bc0
Requires: digest, htmltools, jquerylib, jsonlite, magrittr, rlang, sass

Package: cachem
Source: CRAN
Version: 1.0.4
Hash: 8ba7d0e3593d47517fbabf30860d0eeb
Requires: fastmap, rlang

Package: callr
Source: CRAN
Version: 3.7.0
Hash: 548499537ed2865bf976762454bf550e
Requires: R6, processx

Package: cellranger
Source: CRAN
Version: 1.1.0
Hash: be9d203e7849f73818b36f93e9273c2c
Requires: rematch, tibble

Package: checkmate
Source: CRAN
Version: 2.0.0
Hash: a3e368141b284ff08e4ef2e97ae01c53
Requires: backports

Package: cli
Source: CRAN
Version: 2.3.1
Hash: bd498ff53cd3e1a0fa501bcbcb785bf0
Requires: assertthat, glue

Package: codetools
Source: CRAN
Version: 0.2-18
Hash: 1225ba881d465058ec055509e1d58540

Package: colorspace
Source: CRAN
Version: 2.0-0
Hash: 70357b46371ef626b2fc3968df10b94a

Package: commonmark
Source: CRAN
Version: 1.7
Hash: 77f4ba718e2bad1877ef26e48cf8fa43

Package: crayon
Source: CRAN
Version: 1.4.1
Hash: 2e1b6e4b4bc63ebe2aaee1546b871329

Package: crosstalk
Source: CRAN
Version: 1.1.1
Hash: 40844571ab8c7b3009cde6e49a1ace16
Requires: R6, htmltools, jsonlite, lazyeval

Package: curl
Source: CRAN
Version: 4.3
Hash: 3916ae5637dbaf5996dbde80ea92a047

Package: digest
Source: CRAN
Version: 0.6.27
Hash: 8ba156629c1537635b39332c93d8ed33

Package: ellipsis
Source: CRAN
Version: 0.3.2
Hash: b21bfc48556c0c6a93fc9ede6c00cfaf
Requires: rlang

Package: evaluate
Source: CRAN
Version: 0.14
Hash: 18306cc3bc1aec7b7360eea8a0eb0ee1

Package: fansi
Source: CRAN
Version: 0.4.2
Hash: 46ab61226bcca6890ad4864250f62a0e

Package: farver
Source: CRAN
Version: 2.1.0
Hash: a001f1816f74d0e76e82171eef764a9d

Package: fastmap
Source: CRAN
Version: 1.1.0
Hash: e4d212b14d40b91c791c0b9d3b6ffd99

Package: fs
Source: CRAN
Version: 1.5.0
Hash: 918ea5c88cad73d5d5b529ca98f8ad11

Package: gargle
Source: CRAN
Version: 1.0.0
Hash: 98ab47cb1da823091c3e1b6e4449449e
Requires: fs, glue, httr, jsonlite, rlang, withr

Package: geomorph
Source: CRAN
Version: 4.0.0
Hash: 7797b51379f1e2d2a31989d14ef5bced
Requires: Matrix, RRPP, ape, ggplot2, jpeg, rgl

Package: ggplot2
Source: CRAN
Version: 3.3.3
Hash: fcae8a1c452b7bf7e5b11d1d438c825e
Requires: MASS, digest, glue, gtable, isoband, mgcv, rlang, scales,
    tibble, withr

Package: glue
Source: CRAN
Version: 1.4.2
Hash: afa798ba9deec3676e20300b79094749

Package: gmailr
Source: CRAN
Version: 1.0.0
Hash: c7877a19b135d77d44b225ce43b462d0
Requires: base64enc, crayon, gargle, httr, jsonlite, lifecycle,
    magrittr, mime, rematch2

Package: googledrive
Source: CRAN
Version: 1.0.1
Hash: c9bcab023652c5c94c472759a3ff177b
Requires: curl, gargle, glue, httr, jsonlite, magrittr, purrr, rlang,
    tibble, uuid

Package: googlesheets4
Source: CRAN
Version: 0.3.0
Hash: 08de8d56d65a5b45212048394ba6bc64
Requires: cellranger, curl, gargle, glue, googledrive, httr, ids,
    lifecycle, magrittr, purrr, rematch2, rlang, tibble, vctrs

Package: gtable
Source: CRAN
Version: 0.3.0
Hash: a9e7b0666eb933a0cb36779240b4462e

Package: highr
Source: CRAN
Version: 0.9
Hash: 375daf47b5970a62560496bb8c6b996e
Requires: xfun

Package: hms
Source: CRAN
Version: 0.5.3
Hash: a0709e1b17b4bc1c27f5235177543e07
Requires: pkgconfig, rlang, vctrs

Package: htmltools
Source: CRAN
Version: 0.5.1.1
Hash: 297e3b95a781d9a6fb7259e0f6824020
Requires: base64enc, digest, rlang

Package: htmlwidgets
Source: CRAN
Version: 1.5.3
Hash: 6405f8f000f8a52e0dc2f034b3693fe5
Requires: htmltools, jsonlite, yaml

Package: httpuv
Source: CRAN
Version: 1.6.0
Hash: c1bfb1e29a58e4646a76321a57101794
Requires: R6, Rcpp, later, promises

Package: httr
Source: CRAN
Version: 1.4.2
Hash: 2ad813eba37ce1f357434789aa8b6132
Requires: R6, curl, jsonlite, mime, openssl

Package: ids
Source: CRAN
Version: 1.0.1
Hash: 5fe64020c5c5c86b8de249397dba4ebb
Requires: openssl, uuid

Package: isoband
Source: CRAN
Version: 0.2.4
Hash: b1e8c5547c2e0b0b45f375da77325ed2

Package: jpeg
Source: CRAN
Version: 0.1-8.1
Hash: 97b97a492a7a0cefb63e9632e3280e57

Package: jquerylib
Source: CRAN
Version: 0.1.4
Hash: 338eb4374296b76bdee1e463c810113d
Requires: htmltools

Package: jsonlite
Source: CRAN
Version: 1.7.2
Hash: a5965fb563ba3643e75c425a82f935e6

Package: knitr
Source: CRAN
Version: 1.33
Hash: 524120cce0a17c3ff73a852a5157374e
Requires: evaluate, highr, markdown, stringr, xfun, yaml

Package: labeling
Source: CRAN
Version: 0.4.2
Hash: 7474c78957f4e01d1dd4c04217eab244

Package: later
Source: CRAN
Version: 1.2.0
Hash: f0643bd220035619f3743aaed7c3b2c9
Requires: Rcpp, rlang

Package: lattice
Source: CRAN
Version: 0.20-41
Hash: ff87ada677a6e2aacdcc1f9412f68366

Package: lazyeval
Source: CRAN
Version: 0.2.2
Hash: 563563691bea3cde6945a98996d7c166

Package: lifecycle
Source: CRAN
Version: 1.0.0
Hash: 0c18dc7a4e21abdc8132b7cac2b5fcb4
Requires: glue, rlang

Package: magrittr
Source: CRAN
Version: 2.0.1
Hash: d3c166b0573ae8c918edf7221dfe7380

Package: manipulateWidget
Source: CRAN
Version: 0.10.1
Hash: cb997baa92ef940f305cce37d598fec3
Requires: base64enc, codetools, htmltools, htmlwidgets, knitr, miniUI,
    shiny, webshot

Package: markdown
Source: CRAN
Version: 1.1
Hash: 1b6a18fd395589425e338a47b999099f
Requires: mime, xfun

Package: mgcv
Source: CRAN
Version: 1.8-33
Hash: 5ee3b1282cd29db13e872366e0a7be33
Requires: Matrix, nlme

Package: mime
Source: CRAN
Version: 0.10
Hash: 20b0f90f3478d2baae76be49777ac9fe

Package: miniUI
Source: CRAN
Version: 0.1.1.1
Hash: c7e3ea486421c2fa5b03bb7fcd0415f6
Requires: htmltools, shiny

Package: munsell
Source: CRAN
Version: 0.5.0
Hash: 38d0efee9bb99bef143bde41c4ce715c
Requires: colorspace

Package: nlme
Source: CRAN
Version: 3.1-152
Hash: 3761e6e8818069c15c0d04deef664201
Requires: lattice

Package: openssl
Source: CRAN
Version: 1.4.3
Hash: cff3745af78f3fabe3175678c34b6510
Requires: askpass

Package: pillar
Source: CRAN
Version: 1.5.1
Hash: e8b4035f2e3b04e2262577360387884a
Requires: cli, crayon, ellipsis, fansi, lifecycle, rlang, utf8, vctrs

Package: pkgconfig
Source: CRAN
Version: 2.0.3
Hash: 5ff5f2361851a49534c96caa2a8071c7

Package: png
Source: CRAN
Version: 0.1-7
Hash: 421d7d6e0fb4bd885ecbd909b6456b8b

Package: prettycode
Source: CRAN
Version: 1.1.0
Hash: 0bc767ca168dc851e8274eaba6b5a7c3
Requires: crayon

Package: prettyunits
Source: CRAN
Version: 1.1.1
Hash: 20669cd8bb8b3207f6371edf8cf510af

Package: processx
Source: CRAN
Version: 3.5.2
Hash: cc352f004474226a589b7028fb4aa0b7
Requires: R6, ps

Package: progress
Source: CRAN
Version: 1.2.2
Hash: 209280eb751acf5899f7c69366e14bd3
Requires: R6, crayon, hms, prettyunits

Package: promises
Source: CRAN
Version: 1.2.0.1
Hash: b999731b91ddfd9b4f8fef55460f3c73
Requires: R6, Rcpp, later, magrittr, rlang

Package: ps
Source: CRAN
Version: 1.6.0
Hash: ff1b2fafdb6239700fdf0f96f99cce87

Package: purrr
Source: CRAN
Version: 0.3.4
Hash: fb4c0edca61826ca0b5b33c828a7b276
Requires: magrittr, rlang

Package: rappdirs
Source: CRAN
Version: 0.3.3
Hash: fd602edfd7dbf365642e35dd9cc97958

Package: reactlog
Source: CRAN
Version: 1.1.0
Hash: 28b3d28a3e0f95beb5377f8edb975e28
Requires: jsonlite

Package: readxl
Source: CRAN
Version: 1.3.1
Hash: e34982e51b2fb433409a36da8111439f
Requires: Rcpp, cellranger, progress, tibble

Package: rematch
Source: CRAN
Version: 1.0.1
Hash: ad4faf59e7611117ff165817074c50c7

Package: rematch2
Source: CRAN
Version: 2.1.2
Hash: b6823f74d6525d39d153620d21e206df
Requires: tibble

Package: remotes
Source: CRAN
Version: 2.2.0
Hash: 7f3378b51f10acd43af6814111572889

Package: rgl
Source: CRAN
Version: 0.106.8
Hash: e9a1f502ff4a1ccd1003a3182f4111b1
Requires: crosstalk, htmltools, htmlwidgets, jsonlite, knitr, magrittr,
    manipulateWidget, shiny

Package: rjson
Source: CRAN
Version: 0.2.20
Hash: 44ee331003bf03b92e97b3089461dd2f

Package: rlang
Source: CRAN
Version: 0.4.11
Hash: 765f56f2e0697cfd1ad4c9d34e4efedc

Package: rprojroot
Source: CRAN
Version: 2.0.2
Hash: bdb6a7f2b3c25b8c710615cefdde1af0

Package: sass
Source: CRAN
Version: 0.3.1
Hash: 8ab047f6c1a318e9bb8cabfc368f538c
Requires: R6, digest, fs, htmltools, rappdirs, rlang

Package: scales
Source: CRAN
Version: 1.1.1
Hash: b67ae9f62ecb8912751eb664055d8f8a
Requires: R6, RColorBrewer, farver, labeling, lifecycle, munsell,
    viridisLite

Package: shiny
Source: CRAN
Version: 1.6.0
Hash: 35e21ce401cc3b1fae93a190b32f6a65
Requires: R6, bslib, cachem, commonmark, crayon, digest, ellipsis,
    fastmap, glue, htmltools, httpuv, jsonlite, later, lifecycle, mime,
    promises, rlang, sourcetools, withr, xtable

Package: shinyMatrix
Source: CRAN
Version: 0.6.0
Hash: 7dd829f7860c9a89088711ddc1eb78cc
Requires: jsonlite, shiny

Package: shinyWidgets
Source: CRAN
Version: 0.6.0
Hash: 3daae69d2d97287a0d035f1f9f2748c8
Requires: bslib, htmltools, jsonlite, sass, shiny

Package: shinyalert
Source: CRAN
Version: 2.0.0
Hash: 94d7a44e01d75463a87b5d4ff583cbae
Requires: htmltools, shiny, uuid

Package: shinybusy
Source: CRAN
Version: 0.2.2
Hash: b021a5ee5b9d94dbf2d9ab0651f5915b
Requires: htmltools, htmlwidgets, jsonlite, shiny

Package: shinydashboard
Source: CRAN
Version: 0.7.1
Hash: 9ff3e3d1aa83d9ae9b75c6f31e982aa6
Requires: htmltools, promises, shiny

Package: shinyforms
Source: github
Version: 0.0.0.9000
Hash: 46bf58b6420cb37e5effeb554525ba76
Requires: DT, checkmate, digest, gmailr, googledrive, googlesheets4,
    scales, shiny, shinyjs
GithubRepo: shinyforms
GithubUsername: daattali
GithubRef: HEAD
GithubSha1: dd112d854051d69b8bc133f79d9c761cb4538ec4
RemoteHost: api.github.com
RemoteRepo: shinyforms
RemoteUsername: daattali
RemoteRef: HEAD
RemoteSha: dd112d854051d69b8bc133f79d9c761cb4538ec4

Package: shinyjqui
Source: CRAN
Version: 0.4.0
Hash: 97bc2ce502443e7133214942b175e97a
Requires: htmltools, htmlwidgets, jsonlite, shiny

Package: shinyjs
Source: CRAN
Version: 2.0.0
Hash: 76cd028f38d0c5a1f198c4daab81ddfe
Requires: digest, htmltools, jsonlite, shiny

Package: shinymeta
Source: CRAN
Version: 0.2.0.1
Hash: e460dc85d308e74b53790ddc5b2d021b
Requires: callr, fastmap, fs, htmltools, rlang, shiny, sourcetools,
    styler

Package: shinythemes
Source: CRAN
Version: 1.2.0
Hash: f4879d481bdca7a468f5cebf398838d5
Requires: shiny

Package: sourcetools
Source: CRAN
Version: 0.1.7
Hash: d093478ac90064e670cd4bf1a99b47b6

Package: stringi
Source: CRAN
Version: 1.6.2
Hash: 94819f7cabf098fcfca17cd9050f5e25

Package: stringr
Source: CRAN
Version: 1.4.0
Hash: 67da32dbb2a7a16f2ef124336358e54a
Requires: glue, magrittr, stringi

Package: styler
Source: CRAN
Version: 1.3.2
Hash: 355dba69964edc01397d011c3cae9192
Requires: R.cache, backports, cli, magrittr, purrr, rematch2, rlang,
    rprojroot, tibble, withr, xfun

Package: svgViewR
Source: CRAN
Version: 1.4.1
Hash: 4f085bd439d428e50cfd0ee460b0f6c6
Requires: Rcpp, Rook, rjson

Package: sys
Source: CRAN
Version: 3.4
Hash: 7fb0c9e1209a804b329a7df3cd422008

Package: tibble
Source: CRAN
Version: 3.1.0
Hash: dc23e5489c99bc632dbbda88792300e9
Requires: ellipsis, fansi, lifecycle, magrittr, pillar, pkgconfig,
    rlang, vctrs

Package: tiff
Source: CRAN
Version: 0.1-6
Hash: a54989db657755cd77941849e4643daa

Package: utf8
Source: CRAN
Version: 1.2.1
Hash: 4ae5f77d617721b66be32d2b47bc9148

Package: uuid
Source: CRAN
Version: 0.1-4
Hash: b0fcab4d6aa43d97cf09e336b65b906f

Package: vctrs
Source: CRAN
Version: 0.3.7
Hash: d685c186ed578bc5b9ca96e0c472b234
Requires: ellipsis, glue, rlang

Package: viridisLite
Source: CRAN
Version: 0.3.0
Hash: 78bb072c4f9e729a283d4c40ec93f9c6

Package: webshot
Source: CRAN
Version: 0.5.2
Hash: 43c1ec9eb3b4d97e971a4963b7a2e155
Requires: callr, jsonlite, magrittr

Package: withr
Source: CRAN
Version: 2.4.2
Hash: 56366c768cead0b9b2b773cf9f16a432

Package: xfun
Source: CRAN
Version: 0.22
Hash: d60cc7fc6c177d44a45c85819909aacb

Package: xtable
Source: CRAN
Version: 1.8-4
Hash: dc0d47261b678d26032363bebd050540

Package: yaml
Source: CRAN
Version: 2.2.1
Hash: 424bc11cc358f23187feaa7978628196
